PODS:
  - Alamofire (3.4.1)
  - ChameleonFramework/Default (2.1.0)
  - ChameleonFramework/Swift (2.1.0):
    - ChameleonFramework/Default
  - CryptoSwift (0.5.1)
  - Locksmith (2.0.8)
  - SwiftyJSON (2.3.2)

DEPENDENCIES:
  - Alamofire (~> 3.4)
  - ChameleonFramework/Swift
  - CryptoSwift
  - Locksmith
  - SwiftyJSON (~> 2.3)

SPEC CHECKSUMS:
  Alamofire: 01a82e2f6c0f860ade35534c8dd88be61bdef40c
  ChameleonFramework: d21a3cc247abfe5e37609a283a8238b03575cf64
  CryptoSwift: df42dda18baf6c76347a94e227dbcc0a341304bd
  Locksmith: a8ed41ac4c06506ea8cb199d8ec8a8d3d108eb2a
  SwiftyJSON: 04ccea08915aa0109039157c7974cf0298da292a

PODFILE CHECKSUM: 7041e981ecaf567a75f7848d17f38ecb59ec8d6c

COCOAPODS: 1.0.1
